
Microsoft Visual Studio Solution File, Format Version 12.00
# Visual Studio Version 17
VisualStudioVersion = 17.0.31512.422
MinimumVisualStudioVersion = 10.0.40219.1
Project("{9A19103F-16F7-4668-BE54-9A1E7A4F7556}") = "Business", "Business\Business.csproj", "{C9DD8B6F-7068-467B-A3D0-BB154BBEC370}"
EndProject
Project("{9A19103F-16F7-4668-BE54-9A1E7A4F7556}") = "Common", "Common\Common.csproj", "{B75D34DB-6029-43AC-BC39-3F2E80C44D2F}"
EndProject
Project("{2150E333-8FDC-42A3-9474-1A3956D46DE8}") = "Solution Items", "Solution Items", "{ECD5BC40-CFFC-4B2E-8308-B58961980A9C}"
	ProjectSection(SolutionItems) = preProject
		azure-container-pipelines.yml = azure-container-pipelines.yml
		Dockerfile = Dockerfile
		nuget.config = nuget.config
	EndProjectSection
EndProject
Project("{9A19103F-16F7-4668-BE54-9A1E7A4F7556}") = "LanguageProcessingApi", "Api\LanguageProcessingApi.csproj", "{62193261-87FC-4B05-A8E1-91EA31B368CF}"
EndProject
Project("{9A19103F-16F7-4668-BE54-9A1E7A4F7556}") = "ML", "ML\ML.csproj", "{D2634190-04A1-41DC-8FEF-724B730F6F6A}"
EndProject
Global
	GlobalSection(SolutionConfigurationPlatforms) = preSolution
		Debug|Any CPU = Debug|Any CPU
		Release|Any CPU = Release|Any CPU
	EndGlobalSection
	GlobalSection(ProjectConfigurationPlatforms) = postSolution
		{C9DD8B6F-7068-467B-A3D0-BB154BBEC370}.Debug|Any CPU.ActiveCfg = Debug|Any CPU
		{C9DD8B6F-7068-467B-A3D0-BB154BBEC370}.Debug|Any CPU.Build.0 = Debug|Any CPU
		{C9DD8B6F-7068-467B-A3D0-BB154BBEC370}.Release|Any CPU.ActiveCfg = Release|Any CPU
		{C9DD8B6F-7068-467B-A3D0-BB154BBEC370}.Release|Any CPU.Build.0 = Release|Any CPU
		{B75D34DB-6029-43AC-BC39-3F2E80C44D2F}.Debug|Any CPU.ActiveCfg = Debug|Any CPU
		{B75D34DB-6029-43AC-BC39-3F2E80C44D2F}.Debug|Any CPU.Build.0 = Debug|Any CPU
		{B75D34DB-6029-43AC-BC39-3F2E80C44D2F}.Release|Any CPU.ActiveCfg = Release|Any CPU
		{B75D34DB-6029-43AC-BC39-3F2E80C44D2F}.Release|Any CPU.Build.0 = Release|Any CPU
		{62193261-87FC-4B05-A8E1-91EA31B368CF}.Debug|Any CPU.ActiveCfg = Debug|Any CPU
		{62193261-87FC-4B05-A8E1-91EA31B368CF}.Debug|Any CPU.Build.0 = Debug|Any CPU
		{62193261-87FC-4B05-A8E1-91EA31B368CF}.Release|Any CPU.ActiveCfg = Release|Any CPU
		{62193261-87FC-4B05-A8E1-91EA31B368CF}.Release|Any CPU.Build.0 = Release|Any CPU
		{D2634190-04A1-41DC-8FEF-724B730F6F6A}.Debug|Any CPU.ActiveCfg = Debug|Any CPU
		{D2634190-04A1-41DC-8FEF-724B730F6F6A}.Debug|Any CPU.Build.0 = Debug|Any CPU
		{D2634190-04A1-41DC-8FEF-724B730F6F6A}.Release|Any CPU.ActiveCfg = Release|Any CPU
		{D2634190-04A1-41DC-8FEF-724B730F6F6A}.Release|Any CPU.Build.0 = Release|Any CPU
	EndGlobalSection
	GlobalSection(SolutionProperties) = preSolution
		HideSolutionNode = FALSE
	EndGlobalSection
	GlobalSection(ExtensibilityGlobals) = postSolution
		SolutionGuid = {48B8DD46-81BA-47A5-89EB-0F012D8FCFD0}
	EndGlobalSection
EndGlobal
